// !$*UTF8*$!
{
	archiveVersion = 1;
	classes = {
	};
	objectVersion = 50;
	objects = {

/* Begin PBXBuildFile section */
		4EAFD185B526C12F9A2C7521 /* ResourceURL.swift in Sources */ = {isa = PBXBuildFile; fileRef = 4EAFD7AFA841D376AAB87973 /* ResourceURL.swift */; };
		4EAFD1E7B367A658CD133E96 /* ChannelsViewController.swift in Sources */ = {isa = PBXBuildFile; fileRef = 4EAFD4944542FFCFC757D199 /* ChannelsViewController.swift */; };
		4EAFD25F3F460E46A15932DA /* DomruAPIResponse.swift in Sources */ = {isa = PBXBuildFile; fileRef = 4EAFD2EB8495A5B7EF203B9E /* DomruAPIResponse.swift */; };
		4EAFD5C5347BAF54F6A42E80 /* ChannelsResponse.swift in Sources */ = {isa = PBXBuildFile; fileRef = 4EAFDF90274FE72F7C7023E3 /* ChannelsResponse.swift */; };
		4EAFD9E17C1C4DF95F13D0A0 /* URL+Required.swift in Sources */ = {isa = PBXBuildFile; fileRef = 4EAFD1960D988B4BBED7B160 /* URL+Required.swift */; };
		4EAFDB9B1F7183CEF46C403E /* Channels.storyboard in Resources */ = {isa = PBXBuildFile; fileRef = 4EAFD1F1E91ADFAA246EBA40 /* Channels.storyboard */; };
		4EAFDE6C4897FC3CC7F6EB20 /* DomruTVError.swift in Sources */ = {isa = PBXBuildFile; fileRef = 4EAFD8AC766E360A4B44A093 /* DomruTVError.swift */; };
		4EAFDEA15FF652A000243E27 /* DeviceTokenResponse.swift in Sources */ = {isa = PBXBuildFile; fileRef = 4EAFD03FD5C209EAE2BDE0D2 /* DeviceTokenResponse.swift */; };
		4EAFDEDABC9F01D52AB92A51 /* UserDefaultsSettingsService.swift in Sources */ = {isa = PBXBuildFile; fileRef = 4EAFD51AC886E36A5A3AF9C4 /* UserDefaultsSettingsService.swift */; };
		4EAFDFAC434EB7D7D66A18D7 /* AuthResponse.swift in Sources */ = {isa = PBXBuildFile; fileRef = 4EAFD90B5F3A6D90CB19F1AC /* AuthResponse.swift */; };
		4EAFDFADDEB7BBF1DAD22A03 /* Result.swift in Sources */ = {isa = PBXBuildFile; fileRef = 4EAFD69BDE1B9DA02BDA4481 /* Result.swift */; };
		664DCC422157C41700DB6759 /* ChannelsPlayerViewController.swift in Sources */ = {isa = PBXBuildFile; fileRef = 664DCC412157C41700DB6759 /* ChannelsPlayerViewController.swift */; };
		66813B9F21373AA200CBBE46 /* AppDelegate.swift in Sources */ = {isa = PBXBuildFile; fileRef = 66813B9E21373AA200CBBE46 /* AppDelegate.swift */; };
		66813BA621373AA300CBBE46 /* Assets.xcassets in Resources */ = {isa = PBXBuildFile; fileRef = 66813BA521373AA300CBBE46 /* Assets.xcassets */; };
		66813BAF21373F0100CBBE46 /* Alamofire.framework in Frameworks */ = {isa = PBXBuildFile; fileRef = 66813BAE21373F0100CBBE46 /* Alamofire.framework */; };
		66AF87F7213C8598009AF52C /* AuthViewController.swift in Sources */ = {isa = PBXBuildFile; fileRef = 66AF87F6213C8598009AF52C /* AuthViewController.swift */; };
		66BA605921566C550046AE0E /* Auth.storyboard in Resources */ = {isa = PBXBuildFile; fileRef = 66BA605821566C550046AE0E /* Auth.storyboard */; };
		66BA605B215685450046AE0E /* AuthService.swift in Sources */ = {isa = PBXBuildFile; fileRef = 66BA605A215685450046AE0E /* AuthService.swift */; };
		66BA605D215685530046AE0E /* NetworkAuthService.swift in Sources */ = {isa = PBXBuildFile; fileRef = 66BA605C215685530046AE0E /* NetworkAuthService.swift */; };
		66BA6060215687B10046AE0E /* SettingsService.swift in Sources */ = {isa = PBXBuildFile; fileRef = 66BA605F215687B10046AE0E /* SettingsService.swift */; };
		66BA6063215688270046AE0E /* ChannelsService.swift in Sources */ = {isa = PBXBuildFile; fileRef = 66BA6062215688270046AE0E /* ChannelsService.swift */; };
		66BA6065215688330046AE0E /* NetworkChannelsService.swift in Sources */ = {isa = PBXBuildFile; fileRef = 66BA6064215688330046AE0E /* NetworkChannelsService.swift */; };
		66BA6068215689780046AE0E /* RESTAPIClient.swift in Sources */ = {isa = PBXBuildFile; fileRef = 66BA6067215689780046AE0E /* RESTAPIClient.swift */; };
		66BA606A215689910046AE0E /* APIClient.swift in Sources */ = {isa = PBXBuildFile; fileRef = 66BA6069215689910046AE0E /* APIClient.swift */; };
		66BA606C2156C8950046AE0E /* AppConfigurator.swift in Sources */ = {isa = PBXBuildFile; fileRef = 66BA606B2156C8950046AE0E /* AppConfigurator.swift */; };
		66BA606E2156C8E40046AE0E /* AppCoordinator.swift in Sources */ = {isa = PBXBuildFile; fileRef = 66BA606D2156C8E40046AE0E /* AppCoordinator.swift */; };
		66BA60702156D41C0046AE0E /* Swinject.framework in Frameworks */ = {isa = PBXBuildFile; fileRef = 66BA606F2156D41C0046AE0E /* Swinject.framework */; };
		66BA60732156D4FD0046AE0E /* Storyboard.swift in Sources */ = {isa = PBXBuildFile; fileRef = 66BA60722156D4FD0046AE0E /* Storyboard.swift */; };
		66BA60772156D9270046AE0E /* ChannelsCoordinator.swift in Sources */ = {isa = PBXBuildFile; fileRef = 66BA60762156D9270046AE0E /* ChannelsCoordinator.swift */; };
		66BA60792156D9460046AE0E /* AuthCoordinator.swift in Sources */ = {isa = PBXBuildFile; fileRef = 66BA60782156D9460046AE0E /* AuthCoordinator.swift */; };
		66CA675C213C45580021E6B5 /* ChannelCollectionViewCell.swift in Sources */ = {isa = PBXBuildFile; fileRef = 66CA675B213C45580021E6B5 /* ChannelCollectionViewCell.swift */; };
		66CA675E213C48CE0021E6B5 /* AlamofireImage.framework in Frameworks */ = {isa = PBXBuildFile; fileRef = 66CA675D213C48CE0021E6B5 /* AlamofireImage.framework */; };
/* End PBXBuildFile section */

/* Begin PBXFileReference section */
		4EAFD03FD5C209EAE2BDE0D2 /* DeviceTokenResponse.swift */ = {isa = PBXFileReference; fileEncoding = 4; lastKnownFileType = sourcecode.swift; path = DeviceTokenResponse.swift; sourceTree = "<group>"; };
		4EAFD1960D988B4BBED7B160 /* URL+Required.swift */ = {isa = PBXFileReference; fileEncoding = 4; lastKnownFileType = sourcecode.swift; path = "URL+Required.swift"; sourceTree = "<group>"; };
		4EAFD1F1E91ADFAA246EBA40 /* Channels.storyboard */ = {isa = PBXFileReference; lastKnownFileType = file.storyboard; path = Channels.storyboard; sourceTree = "<group>"; };
		4EAFD2EB8495A5B7EF203B9E /* DomruAPIResponse.swift */ = {isa = PBXFileReference; fileEncoding = 4; lastKnownFileType = sourcecode.swift; path = DomruAPIResponse.swift; sourceTree = "<group>"; };
		4EAFD4944542FFCFC757D199 /* ChannelsViewController.swift */ = {isa = PBXFileReference; fileEncoding = 4; lastKnownFileType = sourcecode.swift; path = ChannelsViewController.swift; sourceTree = "<group>"; };
		4EAFD51AC886E36A5A3AF9C4 /* UserDefaultsSettingsService.swift */ = {isa = PBXFileReference; fileEncoding = 4; lastKnownFileType = sourcecode.swift; path = UserDefaultsSettingsService.swift; sourceTree = "<group>"; };
		4EAFD69BDE1B9DA02BDA4481 /* Result.swift */ = {isa = PBXFileReference; fileEncoding = 4; lastKnownFileType = sourcecode.swift; path = Result.swift; sourceTree = "<group>"; };
		4EAFD7AFA841D376AAB87973 /* ResourceURL.swift */ = {isa = PBXFileReference; fileEncoding = 4; lastKnownFileType = sourcecode.swift; path = ResourceURL.swift; sourceTree = "<group>"; };
		4EAFD8AC766E360A4B44A093 /* DomruTVError.swift */ = {isa = PBXFileReference; fileEncoding = 4; lastKnownFileType = sourcecode.swift; path = DomruTVError.swift; sourceTree = "<group>"; };
		4EAFD90B5F3A6D90CB19F1AC /* AuthResponse.swift */ = {isa = PBXFileReference; fileEncoding = 4; lastKnownFileType = sourcecode.swift; path = AuthResponse.swift; sourceTree = "<group>"; };
		4EAFDF90274FE72F7C7023E3 /* ChannelsResponse.swift */ = {isa = PBXFileReference; fileEncoding = 4; lastKnownFileType = sourcecode.swift; path = ChannelsResponse.swift; sourceTree = "<group>"; };
		664DCC412157C41700DB6759 /* ChannelsPlayerViewController.swift */ = {isa = PBXFileReference; lastKnownFileType = sourcecode.swift; path = ChannelsPlayerViewController.swift; sourceTree = "<group>"; };
		66813B9B21373AA200CBBE46 /* DomruTV.app */ = {isa = PBXFileReference; explicitFileType = wrapper.application; includeInIndex = 0; path = DomruTV.app; sourceTree = BUILT_PRODUCTS_DIR; };
		66813B9E21373AA200CBBE46 /* AppDelegate.swift */ = {isa = PBXFileReference; lastKnownFileType = sourcecode.swift; path = AppDelegate.swift; sourceTree = "<group>"; };
		66813BA521373AA300CBBE46 /* Assets.xcassets */ = {isa = PBXFileReference; lastKnownFileType = folder.assetcatalog; path = Assets.xcassets; sourceTree = "<group>"; };
		66813BA721373AA300CBBE46 /* Info.plist */ = {isa = PBXFileReference; lastKnownFileType = text.plist.xml; path = Info.plist; sourceTree = "<group>"; };
		66813BAE21373F0100CBBE46 /* Alamofire.framework */ = {isa = PBXFileReference; lastKnownFileType = wrapper.framework; name = Alamofire.framework; path = Carthage/Build/tvOS/Alamofire.framework; sourceTree = "<group>"; };
		66AF87F6213C8598009AF52C /* AuthViewController.swift */ = {isa = PBXFileReference; lastKnownFileType = sourcecode.swift; path = AuthViewController.swift; sourceTree = "<group>"; };
		66BA605821566C550046AE0E /* Auth.storyboard */ = {isa = PBXFileReference; lastKnownFileType = file.storyboard; path = Auth.storyboard; sourceTree = "<group>"; };
		66BA605A215685450046AE0E /* AuthService.swift */ = {isa = PBXFileReference; fileEncoding = 4; lastKnownFileType = sourcecode.swift; path = AuthService.swift; sourceTree = "<group>"; };
		66BA605C215685530046AE0E /* NetworkAuthService.swift */ = {isa = PBXFileReference; lastKnownFileType = sourcecode.swift; path = NetworkAuthService.swift; sourceTree = "<group>"; };
		66BA605F215687B10046AE0E /* SettingsService.swift */ = {isa = PBXFileReference; lastKnownFileType = sourcecode.swift; path = SettingsService.swift; sourceTree = "<group>"; };
		66BA6062215688270046AE0E /* ChannelsService.swift */ = {isa = PBXFileReference; fileEncoding = 4; lastKnownFileType = sourcecode.swift; path = ChannelsService.swift; sourceTree = "<group>"; };
		66BA6064215688330046AE0E /* NetworkChannelsService.swift */ = {isa = PBXFileReference; lastKnownFileType = sourcecode.swift; path = NetworkChannelsService.swift; sourceTree = "<group>"; };
		66BA6067215689780046AE0E /* RESTAPIClient.swift */ = {isa = PBXFileReference; fileEncoding = 4; lastKnownFileType = sourcecode.swift; path = RESTAPIClient.swift; sourceTree = "<group>"; };
		66BA6069215689910046AE0E /* APIClient.swift */ = {isa = PBXFileReference; lastKnownFileType = sourcecode.swift; path = APIClient.swift; sourceTree = "<group>"; };
		66BA606B2156C8950046AE0E /* AppConfigurator.swift */ = {isa = PBXFileReference; lastKnownFileType = sourcecode.swift; path = AppConfigurator.swift; sourceTree = "<group>"; };
		66BA606D2156C8E40046AE0E /* AppCoordinator.swift */ = {isa = PBXFileReference; lastKnownFileType = sourcecode.swift; path = AppCoordinator.swift; sourceTree = "<group>"; };
		66BA606F2156D41C0046AE0E /* Swinject.framework */ = {isa = PBXFileReference; lastKnownFileType = wrapper.framework; name = Swinject.framework; path = Carthage/Build/tvOS/Swinject.framework; sourceTree = "<group>"; };
		66BA60722156D4FD0046AE0E /* Storyboard.swift */ = {isa = PBXFileReference; lastKnownFileType = sourcecode.swift; path = Storyboard.swift; sourceTree = "<group>"; };
		66BA60762156D9270046AE0E /* ChannelsCoordinator.swift */ = {isa = PBXFileReference; lastKnownFileType = sourcecode.swift; path = ChannelsCoordinator.swift; sourceTree = "<group>"; };
		66BA60782156D9460046AE0E /* AuthCoordinator.swift */ = {isa = PBXFileReference; lastKnownFileType = sourcecode.swift; path = AuthCoordinator.swift; sourceTree = "<group>"; };
		66CA675B213C45580021E6B5 /* ChannelCollectionViewCell.swift */ = {isa = PBXFileReference; lastKnownFileType = sourcecode.swift; path = ChannelCollectionViewCell.swift; sourceTree = "<group>"; };
		66CA675D213C48CE0021E6B5 /* AlamofireImage.framework */ = {isa = PBXFileReference; lastKnownFileType = wrapper.framework; name = AlamofireImage.framework; path = Carthage/Build/tvOS/AlamofireImage.framework; sourceTree = "<group>"; };
/* End PBXFileReference section */

/* Begin PBXFrameworksBuildPhase section */
		66813B9821373AA200CBBE46 /* Frameworks */ = {
			isa = PBXFrameworksBuildPhase;
			buildActionMask = 2147483647;
			files = (
				66813BAF21373F0100CBBE46 /* Alamofire.framework in Frameworks */,
				66CA675E213C48CE0021E6B5 /* AlamofireImage.framework in Frameworks */,
				66BA60702156D41C0046AE0E /* Swinject.framework in Frameworks */,
			);
			runOnlyForDeploymentPostprocessing = 0;
		};
/* End PBXFrameworksBuildPhase section */

/* Begin PBXGroup section */
		4EAFD0454FD4417268D2535A /* Common */ = {
			isa = PBXGroup;
			children = (
				4EAFD1682269568A64F36458 /* Extensions */,
			);
			path = Common;
			sourceTree = "<group>";
		};
		4EAFD05CC56C494B5A700883 /* Services */ = {
			isa = PBXGroup;
			children = (
				66BA605E215685750046AE0E /* Auth */,
				66BA6066215688610046AE0E /* Channels */,
				66BA6061215687DA0046AE0E /* Settings */,
			);
			path = Services;
			sourceTree = "<group>";
		};
		4EAFD1682269568A64F36458 /* Extensions */ = {
			isa = PBXGroup;
			children = (
				4EAFD1960D988B4BBED7B160 /* URL+Required.swift */,
			);
			path = Extensions;
			sourceTree = "<group>";
		};
		4EAFD863E2883EB084EABA5D /* Presentation */ = {
			isa = PBXGroup;
			children = (
				66BA60742156D7730046AE0E /* Auth */,
				66BA60752156D7780046AE0E /* Channels */,
				66BA60712156D4F00046AE0E /* Common */,
			);
			path = Presentation;
			sourceTree = "<group>";
		};
		4EAFDAAC5974B4B0376FCFBE /* Models */ = {
			isa = PBXGroup;
			children = (
				4EAFD69BDE1B9DA02BDA4481 /* Result.swift */,
				4EAFD8AC766E360A4B44A093 /* DomruTVError.swift */,
				4EAFD7AFA841D376AAB87973 /* ResourceURL.swift */,
				4EAFD90B5F3A6D90CB19F1AC /* AuthResponse.swift */,
				4EAFD03FD5C209EAE2BDE0D2 /* DeviceTokenResponse.swift */,
				4EAFDF90274FE72F7C7023E3 /* ChannelsResponse.swift */,
				4EAFD2EB8495A5B7EF203B9E /* DomruAPIResponse.swift */,
			);
			path = Models;
			sourceTree = "<group>";
		};
		4EAFDD78708F95188A1B351B /* Network */ = {
			isa = PBXGroup;
			children = (
				66BA6069215689910046AE0E /* APIClient.swift */,
				66BA6067215689780046AE0E /* RESTAPIClient.swift */,
			);
			path = Network;
			sourceTree = "<group>";
		};
		66813B9221373AA200CBBE46 = {
			isa = PBXGroup;
			children = (
				66813B9D21373AA200CBBE46 /* DomruTV */,
				66813B9C21373AA200CBBE46 /* Products */,
				66813BAD21373F0100CBBE46 /* Frameworks */,
			);
			sourceTree = "<group>";
		};
		66813B9C21373AA200CBBE46 /* Products */ = {
			isa = PBXGroup;
			children = (
				66813B9B21373AA200CBBE46 /* DomruTV.app */,
			);
			name = Products;
			sourceTree = "<group>";
		};
		66813B9D21373AA200CBBE46 /* DomruTV */ = {
			isa = PBXGroup;
			children = (
				66813B9E21373AA200CBBE46 /* AppDelegate.swift */,
				66BA606B2156C8950046AE0E /* AppConfigurator.swift */,
				66BA606D2156C8E40046AE0E /* AppCoordinator.swift */,
				66813BA521373AA300CBBE46 /* Assets.xcassets */,
				66813BA721373AA300CBBE46 /* Info.plist */,
				4EAFD0454FD4417268D2535A /* Common */,
				4EAFDAAC5974B4B0376FCFBE /* Models */,
				4EAFD863E2883EB084EABA5D /* Presentation */,
				4EAFDD78708F95188A1B351B /* Network */,
				4EAFD05CC56C494B5A700883 /* Services */,
			);
			path = DomruTV;
			sourceTree = "<group>";
		};
		66813BAD21373F0100CBBE46 /* Frameworks */ = {
			isa = PBXGroup;
			children = (
				66BA606F2156D41C0046AE0E /* Swinject.framework */,
				66CA675D213C48CE0021E6B5 /* AlamofireImage.framework */,
				66813BAE21373F0100CBBE46 /* Alamofire.framework */,
			);
			name = Frameworks;
			sourceTree = "<group>";
		};
		66BA605E215685750046AE0E /* Auth */ = {
			isa = PBXGroup;
			children = (
				66BA605A215685450046AE0E /* AuthService.swift */,
				66BA605C215685530046AE0E /* NetworkAuthService.swift */,
			);
			path = Auth;
			sourceTree = "<group>";
		};
		66BA6061215687DA0046AE0E /* Settings */ = {
			isa = PBXGroup;
			children = (
				4EAFD51AC886E36A5A3AF9C4 /* UserDefaultsSettingsService.swift */,
				66BA605F215687B10046AE0E /* SettingsService.swift */,
			);
			path = Settings;
			sourceTree = "<group>";
		};
		66BA6066215688610046AE0E /* Channels */ = {
			isa = PBXGroup;
			children = (
				66BA6062215688270046AE0E /* ChannelsService.swift */,
				66BA6064215688330046AE0E /* NetworkChannelsService.swift */,
			);
			path = Channels;
			sourceTree = "<group>";
		};
		66BA60712156D4F00046AE0E /* Common */ = {
			isa = PBXGroup;
			children = (
				66BA60722156D4FD0046AE0E /* Storyboard.swift */,
			);
			path = Common;
			sourceTree = "<group>";
		};
		66BA60742156D7730046AE0E /* Auth */ = {
			isa = PBXGroup;
			children = (
				66AF87F6213C8598009AF52C /* AuthViewController.swift */,
				66BA605821566C550046AE0E /* Auth.storyboard */,
				66BA60782156D9460046AE0E /* AuthCoordinator.swift */,
			);
			path = Auth;
			sourceTree = "<group>";
		};
		66BA60752156D7780046AE0E /* Channels */ = {
			isa = PBXGroup;
			children = (
				4EAFD4944542FFCFC757D199 /* ChannelsViewController.swift */,
				664DCC412157C41700DB6759 /* ChannelsPlayerViewController.swift */,
				4EAFD1F1E91ADFAA246EBA40 /* Channels.storyboard */,
				66CA675B213C45580021E6B5 /* ChannelCollectionViewCell.swift */,
				66BA60762156D9270046AE0E /* ChannelsCoordinator.swift */,
			);
			path = Channels;
			sourceTree = "<group>";
		};
/* End PBXGroup section */

/* Begin PBXNativeTarget section */
		66813B9A21373AA200CBBE46 /* DomruTV */ = {
			isa = PBXNativeTarget;
			buildConfigurationList = 66813BAA21373AA300CBBE46 /* Build configuration list for PBXNativeTarget "DomruTV" */;
			buildPhases = (
				66813BB12137416900CBBE46 /* SwiftLint */,
				66813B9721373AA200CBBE46 /* Sources */,
				66813B9821373AA200CBBE46 /* Frameworks */,
				66813B9921373AA200CBBE46 /* Resources */,
				66813BB021373F2A00CBBE46 /* Carthage */,
			);
			buildRules = (
			);
			dependencies = (
			);
			name = DomruTV;
			productName = DomruTV;
			productReference = 66813B9B21373AA200CBBE46 /* DomruTV.app */;
			productType = "com.apple.product-type.application";
		};
/* End PBXNativeTarget section */

/* Begin PBXProject section */
		66813B9321373AA200CBBE46 /* Project object */ = {
			isa = PBXProject;
			attributes = {
				LastSwiftUpdateCheck = 0940;
				LastUpgradeCheck = 0940;
				ORGANIZATIONNAME = "Svetoslav Karasev";
				TargetAttributes = {
					66813B9A21373AA200CBBE46 = {
						CreatedOnToolsVersion = 9.4.1;
					};
				};
			};
			buildConfigurationList = 66813B9621373AA200CBBE46 /* Build configuration list for PBXProject "DomruTV" */;
			compatibilityVersion = "Xcode 9.3";
			developmentRegion = en;
			hasScannedForEncodings = 0;
			knownRegions = (
				en,
				Base,
			);
			mainGroup = 66813B9221373AA200CBBE46;
			productRefGroup = 66813B9C21373AA200CBBE46 /* Products */;
			projectDirPath = "";
			projectRoot = "";
			targets = (
				66813B9A21373AA200CBBE46 /* DomruTV */,
			);
		};
/* End PBXProject section */

/* Begin PBXResourcesBuildPhase section */
		66813B9921373AA200CBBE46 /* Resources */ = {
			isa = PBXResourcesBuildPhase;
			buildActionMask = 2147483647;
			files = (
				66813BA621373AA300CBBE46 /* Assets.xcassets in Resources */,
				4EAFDB9B1F7183CEF46C403E /* Channels.storyboard in Resources */,
				66BA605921566C550046AE0E /* Auth.storyboard in Resources */,
			);
			runOnlyForDeploymentPostprocessing = 0;
		};
/* End PBXResourcesBuildPhase section */

/* Begin PBXShellScriptBuildPhase section */
		66813BB021373F2A00CBBE46 /* Carthage */ = {
			isa = PBXShellScriptBuildPhase;
			buildActionMask = 2147483647;
			files = (
			);
			inputPaths = (
				"$(SRCROOT)/Carthage/Build/tvOS/Alamofire.framework",
				"$(SRCROOT)/Carthage/Build/tvOS/AlamofireImage.framework",
				"$(SRCROOT)/Carthage/Build/tvOS/Swinject.framework",
			);
			name = Carthage;
			outputPaths = (
				"$(BUILT_PRODUCTS_DIR)/$(FRAMEWORKS_FOLDER_PATH)/Alamofire.framework",
				"$(BUILT_PRODUCTS_DIR)/$(FRAMEWORKS_FOLDER_PATH)/AlamofireImage.framework",
				"$(BUILT_PRODUCTS_DIR)/$(FRAMEWORKS_FOLDER_PATH)/Swinject.framework",
			);
			runOnlyForDeploymentPostprocessing = 0;
			shellPath = /bin/sh;
			shellScript = "/usr/local/bin/carthage copy-frameworks\n";
		};
		66813BB12137416900CBBE46 /* SwiftLint */ = {
			isa = PBXShellScriptBuildPhase;
			buildActionMask = 2147483647;
			files = (
			);
			inputPaths = (
			);
			name = SwiftLint;
			outputPaths = (
			);
			runOnlyForDeploymentPostprocessing = 0;
			shellPath = /bin/sh;
			shellScript = "if which swiftlint >/dev/null; then\n    swiftlint\nelse\n    echo \"warning: SwiftLint not installed, download from https://github.com/realm/SwiftLint\"\nfi";
		};
/* End PBXShellScriptBuildPhase section */

/* Begin PBXSourcesBuildPhase section */
		66813B9721373AA200CBBE46 /* Sources */ = {
			isa = PBXSourcesBuildPhase;
			buildActionMask = 2147483647;
			files = (
				66BA606C2156C8950046AE0E /* AppConfigurator.swift in Sources */,
				66CA675C213C45580021E6B5 /* ChannelCollectionViewCell.swift in Sources */,
				66813B9F21373AA200CBBE46 /* AppDelegate.swift in Sources */,
				4EAFD9E17C1C4DF95F13D0A0 /* URL+Required.swift in Sources */,
				4EAFD1E7B367A658CD133E96 /* ChannelsViewController.swift in Sources */,
				66BA606A215689910046AE0E /* APIClient.swift in Sources */,
				66BA605D215685530046AE0E /* NetworkAuthService.swift in Sources */,
				66BA605B215685450046AE0E /* AuthService.swift in Sources */,
				4EAFDFADDEB7BBF1DAD22A03 /* Result.swift in Sources */,
				4EAFDE6C4897FC3CC7F6EB20 /* DomruTVError.swift in Sources */,
				66BA606E2156C8E40046AE0E /* AppCoordinator.swift in Sources */,
				66BA6060215687B10046AE0E /* SettingsService.swift in Sources */,
				66BA60772156D9270046AE0E /* ChannelsCoordinator.swift in Sources */,
				4EAFD185B526C12F9A2C7521 /* ResourceURL.swift in Sources */,
				66BA60792156D9460046AE0E /* AuthCoordinator.swift in Sources */,
				4EAFDFAC434EB7D7D66A18D7 /* AuthResponse.swift in Sources */,
				4EAFDEA15FF652A000243E27 /* DeviceTokenResponse.swift in Sources */,
				4EAFD5C5347BAF54F6A42E80 /* ChannelsResponse.swift in Sources */,
				664DCC422157C41700DB6759 /* ChannelsPlayerViewController.swift in Sources */,
				66BA6068215689780046AE0E /* RESTAPIClient.swift in Sources */,
				66BA6065215688330046AE0E /* NetworkChannelsService.swift in Sources */,
				4EAFD25F3F460E46A15932DA /* DomruAPIResponse.swift in Sources */,
				66BA60732156D4FD0046AE0E /* Storyboard.swift in Sources */,
				66BA6063215688270046AE0E /* ChannelsService.swift in Sources */,
				66AF87F7213C8598009AF52C /* AuthViewController.swift in Sources */,
				4EAFDEDABC9F01D52AB92A51 /* UserDefaultsSettingsService.swift in Sources */,
			);
			runOnlyForDeploymentPostprocessing = 0;
		};
/* End PBXSourcesBuildPhase section */

/* Begin XCBuildConfiguration section */
		66813BA821373AA300CBBE46 /* Debug */ = {
			isa = XCBuildConfiguration;
			buildSettings = {
				ALWAYS_SEARCH_USER_PATHS = NO;
				CLANG_ANALYZER_NONNULL = YES;
				CLANG_ANALYZER_NUMBER_OBJECT_CONVERSION = YES_AGGRESSIVE;
				CLANG_CXX_LANGUAGE_STANDARD = "gnu++14";
				CLANG_CXX_LIBRARY = "libc++";
				CLANG_ENABLE_MODULES = YES;
				CLANG_ENABLE_OBJC_ARC = YES;
				CLANG_ENABLE_OBJC_WEAK = YES;
				CLANG_WARN_BLOCK_CAPTURE_AUTORELEASING = YES;
				CLANG_WARN_BOOL_CONVERSION = YES;
				CLANG_WARN_COMMA = YES;
				CLANG_WARN_CONSTANT_CONVERSION = YES;
				CLANG_WARN_DEPRECATED_OBJC_IMPLEMENTATIONS = YES;
				CLANG_WARN_DIRECT_OBJC_ISA_USAGE = YES_ERROR;
				CLANG_WARN_DOCUMENTATION_COMMENTS = YES;
				CLANG_WARN_EMPTY_BODY = YES;
				CLANG_WARN_ENUM_CONVERSION = YES;
				CLANG_WARN_INFINITE_RECURSION = YES;
				CLANG_WARN_INT_CONVERSION = YES;
				CLANG_WARN_NON_LITERAL_NULL_CONVERSION = YES;
				CLANG_WARN_OBJC_IMPLICIT_RETAIN_SELF = YES;
				CLANG_WARN_OBJC_LITERAL_CONVERSION = YES;
				CLANG_WARN_OBJC_ROOT_CLASS = YES_ERROR;
				CLANG_WARN_RANGE_LOOP_ANALYSIS = YES;
				CLANG_WARN_STRICT_PROTOTYPES = YES;
				CLANG_WARN_SUSPICIOUS_MOVE = YES;
				CLANG_WARN_UNGUARDED_AVAILABILITY = YES_AGGRESSIVE;
				CLANG_WARN_UNREACHABLE_CODE = YES;
				CLANG_WARN__DUPLICATE_METHOD_MATCH = YES;
				COPY_PHASE_STRIP = NO;
				DEBUG_INFORMATION_FORMAT = dwarf;
				ENABLE_STRICT_OBJC_MSGSEND = YES;
				ENABLE_TESTABILITY = YES;
				GCC_C_LANGUAGE_STANDARD = gnu11;
				GCC_DYNAMIC_NO_PIC = NO;
				GCC_NO_COMMON_BLOCKS = YES;
				GCC_OPTIMIZATION_LEVEL = 0;
				GCC_PREPROCESSOR_DEFINITIONS = (
					"DEBUG=1",
					"$(inherited)",
				);
				GCC_WARN_64_TO_32_BIT_CONVERSION = YES;
				GCC_WARN_ABOUT_RETURN_TYPE = YES_ERROR;
				GCC_WARN_UNDECLARED_SELECTOR = YES;
				GCC_WARN_UNINITIALIZED_AUTOS = YES_AGGRESSIVE;
				GCC_WARN_UNUSED_FUNCTION = YES;
				GCC_WARN_UNUSED_VARIABLE = YES;
				MTL_ENABLE_DEBUG_INFO = YES;
				ONLY_ACTIVE_ARCH = YES;
				SDKROOT = appletvos;
				SWIFT_ACTIVE_COMPILATION_CONDITIONS = DEBUG;
				SWIFT_OPTIMIZATION_LEVEL = "-Onone";
				TVOS_DEPLOYMENT_TARGET = 11.4;
			};
			name = Debug;
		};
		66813BA921373AA300CBBE46 /* Release */ = {
			isa = XCBuildConfiguration;
			buildSettings = {
				ALWAYS_SEARCH_USER_PATHS = NO;
				CLANG_ANALYZER_NONNULL = YES;
				CLANG_ANALYZER_NUMBER_OBJECT_CONVERSION = YES_AGGRESSIVE;
				CLANG_CXX_LANGUAGE_STANDARD = "gnu++14";
				CLANG_CXX_LIBRARY = "libc++";
				CLANG_ENABLE_MODULES = YES;
				CLANG_ENABLE_OBJC_ARC = YES;
				CLANG_ENABLE_OBJC_WEAK = YES;
				CLANG_WARN_BLOCK_CAPTURE_AUTORELEASING = YES;
				CLANG_WARN_BOOL_CONVERSION = YES;
				CLANG_WARN_COMMA = YES;
				CLANG_WARN_CONSTANT_CONVERSION = YES;
				CLANG_WARN_DEPRECATED_OBJC_IMPLEMENTATIONS = YES;
				CLANG_WARN_DIRECT_OBJC_ISA_USAGE = YES_ERROR;
				CLANG_WARN_DOCUMENTATION_COMMENTS = YES;
				CLANG_WARN_EMPTY_BODY = YES;
				CLANG_WARN_ENUM_CONVERSION = YES;
				CLANG_WARN_INFINITE_RECURSION = YES;
				CLANG_WARN_INT_CONVERSION = YES;
				CLANG_WARN_NON_LITERAL_NULL_CONVERSION = YES;
				CLANG_WARN_OBJC_IMPLICIT_RETAIN_SELF = YES;
				CLANG_WARN_OBJC_LITERAL_CONVERSION = YES;
				CLANG_WARN_OBJC_ROOT_CLASS = YES_ERROR;
				CLANG_WARN_RANGE_LOOP_ANALYSIS = YES;
				CLANG_WARN_STRICT_PROTOTYPES = YES;
				CLANG_WARN_SUSPICIOUS_MOVE = YES;
				CLANG_WARN_UNGUARDED_AVAILABILITY = YES_AGGRESSIVE;
				CLANG_WARN_UNREACHABLE_CODE = YES;
				CLANG_WARN__DUPLICATE_METHOD_MATCH = YES;
				COPY_PHASE_STRIP = NO;
				DEBUG_INFORMATION_FORMAT = "dwarf-with-dsym";
				ENABLE_NS_ASSERTIONS = NO;
				ENABLE_STRICT_OBJC_MSGSEND = YES;
				GCC_C_LANGUAGE_STANDARD = gnu11;
				GCC_NO_COMMON_BLOCKS = YES;
				GCC_WARN_64_TO_32_BIT_CONVERSION = YES;
				GCC_WARN_ABOUT_RETURN_TYPE = YES_ERROR;
				GCC_WARN_UNDECLARED_SELECTOR = YES;
				GCC_WARN_UNINITIALIZED_AUTOS = YES_AGGRESSIVE;
				GCC_WARN_UNUSED_FUNCTION = YES;
				GCC_WARN_UNUSED_VARIABLE = YES;
				MTL_ENABLE_DEBUG_INFO = NO;
				SDKROOT = appletvos;
				SWIFT_COMPILATION_MODE = wholemodule;
				SWIFT_OPTIMIZATION_LEVEL = "-O";
				TVOS_DEPLOYMENT_TARGET = 11.4;
				VALIDATE_PRODUCT = YES;
			};
			name = Release;
		};
		66813BAB21373AA300CBBE46 /* Debug */ = {
			isa = XCBuildConfiguration;
			buildSettings = {
				ASSETCATALOG_COMPILER_APPICON_NAME = "App Icon & Top Shelf Image";
				ASSETCATALOG_COMPILER_LAUNCHIMAGE_NAME = LaunchImage;
				CODE_SIGN_IDENTITY = "Apple Development";
				CODE_SIGN_STYLE = Automatic;
				DEVELOPMENT_TEAM = 6WCU73Y7FL;
				FRAMEWORK_SEARCH_PATHS = (
					"$(inherited)",
					"$(PROJECT_DIR)/Carthage/Build/tvOS",
				);
				INFOPLIST_FILE = DomruTV/Info.plist;
				LD_RUNPATH_SEARCH_PATHS = (
					"$(inherited)",
					"@executable_path/Frameworks",
				);
				PRODUCT_BUNDLE_IDENTIFIER = net.svedm.DomruTV;
				PRODUCT_NAME = "$(TARGET_NAME)";
				PROVISIONING_PROFILE_SPECIFIER = "";
				SWIFT_VERSION = 5.0;
				TARGETED_DEVICE_FAMILY = 3;
			};
			name = Debug;
		};
		66813BAC21373AA300CBBE46 /* Release */ = {
			isa = XCBuildConfiguration;
			buildSettings = {
				ASSETCATALOG_COMPILER_APPICON_NAME = "App Icon & Top Shelf Image";
				ASSETCATALOG_COMPILER_LAUNCHIMAGE_NAME = LaunchImage;
				CODE_SIGN_IDENTITY = "Apple Development";
				CODE_SIGN_STYLE = Automatic;
				DEVELOPMENT_TEAM = 6WCU73Y7FL;
				FRAMEWORK_SEARCH_PATHS = (
					"$(inherited)",
					"$(PROJECT_DIR)/Carthage/Build/tvOS",
				);
				INFOPLIST_FILE = DomruTV/Info.plist;
				LD_RUNPATH_SEARCH_PATHS = (
					"$(inherited)",
					"@executable_path/Frameworks",
				);
				PRODUCT_BUNDLE_IDENTIFIER = net.svedm.DomruTV;
				PRODUCT_NAME = "$(TARGET_NAME)";
				PROVISIONING_PROFILE_SPECIFIER = "";
				SWIFT_VERSION = 5.0;
				TARGETED_DEVICE_FAMILY = 3;
			};
			name = Release;
		};
/* End XCBuildConfiguration section */

/* Begin XCConfigurationList section */
		66813B9621373AA200CBBE46 /* Build configuration list for PBXProject "DomruTV" */ = {
			isa = XCConfigurationList;
			buildConfigurations = (
				66813BA821373AA300CBBE46 /* Debug */,
				66813BA921373AA300CBBE46 /* Release */,
			);
			defaultConfigurationIsVisible = 0;
			defaultConfigurationName = Release;
		};
		66813BAA21373AA300CBBE46 /* Build configuration list for PBXNativeTarget "DomruTV" */ = {
			isa = XCConfigurationList;
			buildConfigurations = (
				66813BAB21373AA300CBBE46 /* Debug */,
				66813BAC21373AA300CBBE46 /* Release */,
			);
			defaultConfigurationIsVisible = 0;
			defaultConfigurationName = Release;
		};
/* End XCConfigurationList section */
	};
	rootObject = 66813B9321373AA200CBBE46 /* Project object */;
}
